
Microsoft Visual Studio Solution File, Format Version 12.00
# Visual Studio Version 16
VisualStudioVersion = 16.0.30114.105
MinimumVisualStudioVersion = 10.0.40219.1
Project("{FAE04EC0-301F-11D3-BF4B-00C04F79EFBC}") = "API", "API\API.csproj", "{FBEAEFFE-BEA2-441A-A68B-E63B16175FBE}"
EndProject
Project("{FAE04EC0-301F-11D3-BF4B-00C04F79EFBC}") = "Application", "Application\Application.csproj", "{6F8B36FA-1ADD-4085-8D36-37E67EC59B37}"
EndProject
Project("{FAE04EC0-301F-11D3-BF4B-00C04F79EFBC}") = "Persistence", "Persistence\Persistence.csproj", "{EECA21CB-9082-49AF-ACC6-EFB2A8FA623E}"
EndProject
Global
	GlobalSection(SolutionConfigurationPlatforms) = preSolution
		Debug|Any CPU = Debug|Any CPU
		Debug|x64 = Debug|x64
		Debug|x86 = Debug|x86
		Release|Any CPU = Release|Any CPU
		Release|x64 = Release|x64
		Release|x86 = Release|x86
	EndGlobalSection
	GlobalSection(SolutionProperties) = preSolution
		HideSolutionNode = FALSE
	EndGlobalSection
	GlobalSection(ProjectConfigurationPlatforms) = postSolution
		{FBEAEFFE-BEA2-441A-A68B-E63B16175FBE}.Debug|Any CPU.ActiveCfg = Debug|Any CPU
		{FBEAEFFE-BEA2-441A-A68B-E63B16175FBE}.Debug|Any CPU.Build.0 = Debug|Any CPU
		{FBEAEFFE-BEA2-441A-A68B-E63B16175FBE}.Debug|x64.ActiveCfg = Debug|Any CPU
		{FBEAEFFE-BEA2-441A-A68B-E63B16175FBE}.Debug|x64.Build.0 = Debug|Any CPU
		{FBEAEFFE-BEA2-441A-A68B-E63B16175FBE}.Debug|x86.ActiveCfg = Debug|Any CPU
		{FBEAEFFE-BEA2-441A-A68B-E63B16175FBE}.Debug|x86.Build.0 = Debug|Any CPU
		{FBEAEFFE-BEA2-441A-A68B-E63B16175FBE}.Release|Any CPU.ActiveCfg = Release|Any CPU
		{FBEAEFFE-BEA2-441A-A68B-E63B16175FBE}.Release|Any CPU.Build.0 = Release|Any CPU
		{FBEAEFFE-BEA2-441A-A68B-E63B16175FBE}.Release|x64.ActiveCfg = Release|Any CPU
		{FBEAEFFE-BEA2-441A-A68B-E63B16175FBE}.Release|x64.Build.0 = Release|Any CPU
		{FBEAEFFE-BEA2-441A-A68B-E63B16175FBE}.Release|x86.ActiveCfg = Release|Any CPU
		{FBEAEFFE-BEA2-441A-A68B-E63B16175FBE}.Release|x86.Build.0 = Release|Any CPU
		{6F8B36FA-1ADD-4085-8D36-37E67EC59B37}.Debug|Any CPU.ActiveCfg = Debug|Any CPU
		{6F8B36FA-1ADD-4085-8D36-37E67EC59B37}.Debug|Any CPU.Build.0 = Debug|Any CPU
		{6F8B36FA-1ADD-4085-8D36-37E67EC59B37}.Debug|x64.ActiveCfg = Debug|Any CPU
		{6F8B36FA-1ADD-4085-8D36-37E67EC59B37}.Debug|x64.Build.0 = Debug|Any CPU
		{6F8B36FA-1ADD-4085-8D36-37E67EC59B37}.Debug|x86.ActiveCfg = Debug|Any CPU
		{6F8B36FA-1ADD-4085-8D36-37E67EC59B37}.Debug|x86.Build.0 = Debug|Any CPU
		{6F8B36FA-1ADD-4085-8D36-37E67EC59B37}.Release|Any CPU.ActiveCfg = Release|Any CPU
		{6F8B36FA-1ADD-4085-8D36-37E67EC59B37}.Release|Any CPU.Build.0 = Release|Any CPU
		{6F8B36FA-1ADD-4085-8D36-37E67EC59B37}.Release|x64.ActiveCfg = Release|Any CPU
		{6F8B36FA-1ADD-4085-8D36-37E67EC59B37}.Release|x64.Build.0 = Release|Any CPU
		{6F8B36FA-1ADD-4085-8D36-37E67EC59B37}.Release|x86.ActiveCfg = Release|Any CPU
		{6F8B36FA-1ADD-4085-8D36-37E67EC59B37}.Release|x86.Build.0 = Release|Any CPU
		{EECA21CB-9082-49AF-ACC6-EFB2A8FA623E}.Debug|Any CPU.ActiveCfg = Debug|Any CPU
		{EECA21CB-9082-49AF-ACC6-EFB2A8FA623E}.Debug|Any CPU.Build.0 = Debug|Any CPU
		{EECA21CB-9082-49AF-ACC6-EFB2A8FA623E}.Debug|x64.ActiveCfg = Debug|Any CPU
		{EECA21CB-9082-49AF-ACC6-EFB2A8FA623E}.Debug|x64.Build.0 = Debug|Any CPU
		{EECA21CB-9082-49AF-ACC6-EFB2A8FA623E}.Debug|x86.ActiveCfg = Debug|Any CPU
		{EECA21CB-9082-49AF-ACC6-EFB2A8FA623E}.Debug|x86.Build.0 = Debug|Any CPU
		{EECA21CB-9082-49AF-ACC6-EFB2A8FA623E}.Release|Any CPU.ActiveCfg = Release|Any CPU
		{EECA21CB-9082-49AF-ACC6-EFB2A8FA623E}.Release|Any CPU.Build.0 = Release|Any CPU
		{EECA21CB-9082-49AF-ACC6-EFB2A8FA623E}.Release|x64.ActiveCfg = Release|Any CPU
		{EECA21CB-9082-49AF-ACC6-EFB2A8FA623E}.Release|x64.Build.0 = Release|Any CPU
		{EECA21CB-9082-49AF-ACC6-EFB2A8FA623E}.Release|x86.ActiveCfg = Release|Any CPU
		{EECA21CB-9082-49AF-ACC6-EFB2A8FA623E}.Release|x86.Build.0 = Release|Any CPU
	EndGlobalSection
EndGlobal
